// !$*UTF8*$!
{
	archiveVersion = 1;
	classes = {
	};
	objectVersion = 50;
	objects = {

/* Begin PBXBuildFile section */
		C00D82BB269C1BE800455483 /* CardBottomToolbar.swift in Sources */ = {isa = PBXBuildFile; fileRef = C00D82BA269C1BE800455483 /* CardBottomToolbar.swift */; };
		C00D82BC269C1BE800455483 /* CardBottomToolbar.swift in Sources */ = {isa = PBXBuildFile; fileRef = C00D82BA269C1BE800455483 /* CardBottomToolbar.swift */; };
		C00D82C0269C264D00455483 /* CirclAnimView.swift in Sources */ = {isa = PBXBuildFile; fileRef = C00D82BF269C264D00455483 /* CirclAnimView.swift */; };
		C00D82C1269C264D00455483 /* CirclAnimView.swift in Sources */ = {isa = PBXBuildFile; fileRef = C00D82BF269C264D00455483 /* CirclAnimView.swift */; };
		C00D82C5269C30B000455483 /* ResizableView.swift in Sources */ = {isa = PBXBuildFile; fileRef = C00D82C4269C30B000455483 /* ResizableView.swift */; };
		C00D82C6269C30B000455483 /* ResizableView.swift in Sources */ = {isa = PBXBuildFile; fileRef = C00D82C4269C30B000455483 /* ResizableView.swift */; };
		C00D82C8269C31E900455483 /* Transform.swift in Sources */ = {isa = PBXBuildFile; fileRef = C00D82C7269C31E900455483 /* Transform.swift */; };
		C00D82C9269C31E900455483 /* Transform.swift in Sources */ = {isa = PBXBuildFile; fileRef = C00D82C7269C31E900455483 /* Transform.swift */; };
		C00D82CC269C3D8F00455483 /* Operators.swift in Sources */ = {isa = PBXBuildFile; fileRef = C00D82CB269C3D8F00455483 /* Operators.swift */; };
		C00D82CD269C3D8F00455483 /* Operators.swift in Sources */ = {isa = PBXBuildFile; fileRef = C00D82CB269C3D8F00455483 /* Operators.swift */; };
		C049956E269C14D0001CD798 /* CardDetailView.swift in Sources */ = {isa = PBXBuildFile; fileRef = C049956D269C14D0001CD798 /* CardDetailView.swift */; };
		C049956F269C14D0001CD798 /* CardDetailView.swift in Sources */ = {isa = PBXBuildFile; fileRef = C049956D269C14D0001CD798 /* CardDetailView.swift */; };
		C090CD05269E6C3300EA9577 /* CardModal.swift in Sources */ = {isa = PBXBuildFile; fileRef = C090CD04269E6C3300EA9577 /* CardModal.swift */; };
		C090CD06269E6C3300EA9577 /* CardModal.swift in Sources */ = {isa = PBXBuildFile; fileRef = C090CD04269E6C3300EA9577 /* CardModal.swift */; };
		C09325E4269BE47600D689CC /* MyCardsApp.swift in Sources */ = {isa = PBXBuildFile; fileRef = C09325D1269BE47400D689CC /* MyCardsApp.swift */; };
		C09325E5269BE47600D689CC /* MyCardsApp.swift in Sources */ = {isa = PBXBuildFile; fileRef = C09325D1269BE47400D689CC /* MyCardsApp.swift */; };
		C09325E6269BE47600D689CC /* ContentView.swift in Sources */ = {isa = PBXBuildFile; fileRef = C09325D2269BE47400D689CC /* ContentView.swift */; };
		C09325E7269BE47600D689CC /* ContentView.swift in Sources */ = {isa = PBXBuildFile; fileRef = C09325D2269BE47400D689CC /* ContentView.swift */; };
		C09325E8269BE47600D689CC /* Assets.xcassets in Resources */ = {isa = PBXBuildFile; fileRef = C09325D3269BE47600D689CC /* Assets.xcassets */; };
		C09325E9269BE47600D689CC /* Assets.xcassets in Resources */ = {isa = PBXBuildFile; fileRef = C09325D3269BE47600D689CC /* Assets.xcassets */; };
		C09325F3269BE55300D689CC /* CardsListView.swift in Sources */ = {isa = PBXBuildFile; fileRef = C09325F2269BE55300D689CC /* CardsListView.swift */; };
		C09325F4269BE55300D689CC /* CardsListView.swift in Sources */ = {isa = PBXBuildFile; fileRef = C09325F2269BE55300D689CC /* CardsListView.swift */; };
		C09325F6269BE96A00D689CC /* CardThumbnailView.swift in Sources */ = {isa = PBXBuildFile; fileRef = C09325F5269BE96A00D689CC /* CardThumbnailView.swift */; };
		C09325F7269BE96A00D689CC /* CardThumbnailView.swift in Sources */ = {isa = PBXBuildFile; fileRef = C09325F5269BE96A00D689CC /* CardThumbnailView.swift */; };
		C09325F9269BEC6400D689CC /* SingleCardView.swift in Sources */ = {isa = PBXBuildFile; fileRef = C09325F8269BEC6400D689CC /* SingleCardView.swift */; };
		C09325FA269BEC6400D689CC /* SingleCardView.swift in Sources */ = {isa = PBXBuildFile; fileRef = C09325F8269BEC6400D689CC /* SingleCardView.swift */; };
		C093268F269C032E00D689CC /* ViewState.swift in Sources */ = {isa = PBXBuildFile; fileRef = C093268E269C032E00D689CC /* ViewState.swift */; };
		C0932690269C032E00D689CC /* ViewState.swift in Sources */ = {isa = PBXBuildFile; fileRef = C093268E269C032E00D689CC /* ViewState.swift */; };
		C0932692269C045200D689CC /* CardsView.swift in Sources */ = {isa = PBXBuildFile; fileRef = C0932691269C045200D689CC /* CardsView.swift */; };
		C0932693269C045200D689CC /* CardsView.swift in Sources */ = {isa = PBXBuildFile; fileRef = C0932691269C045200D689CC /* CardsView.swift */; };
		C0B56488269D257A007237E4 /* ViewExtensions.swift in Sources */ = {isa = PBXBuildFile; fileRef = C0B56487269D257A007237E4 /* ViewExtensions.swift */; };
		C0B5648B269D2B6D007237E4 /* Settings.swift in Sources */ = {isa = PBXBuildFile; fileRef = C0B5648A269D2B6D007237E4 /* Settings.swift */; };
		C0B5648D269D2BE6007237E4 /* ColorExtensions.swift in Sources */ = {isa = PBXBuildFile; fileRef = C0B5648C269D2BE6007237E4 /* ColorExtensions.swift */; };
		C0B5648F269D2D30007237E4 /* CardToolbar.swift in Sources */ = {isa = PBXBuildFile; fileRef = C0B5648E269D2D30007237E4 /* CardToolbar.swift */; };
		C0B56490269D2D30007237E4 /* CardToolbar.swift in Sources */ = {isa = PBXBuildFile; fileRef = C0B5648E269D2D30007237E4 /* CardToolbar.swift */; };
		C0B56493269D3039007237E4 /* Preview Assets.xcassets in Resources */ = {isa = PBXBuildFile; fileRef = C0B56492269D3039007237E4 /* Preview Assets.xcassets */; };
		C0B56494269D3039007237E4 /* Preview Assets.xcassets in Resources */ = {isa = PBXBuildFile; fileRef = C0B56492269D3039007237E4 /* Preview Assets.xcassets */; };
		C0B56496269D305E007237E4 /* PreviewData.swift in Sources */ = {isa = PBXBuildFile; fileRef = C0B56495269D305E007237E4 /* PreviewData.swift */; };
		C0B56497269D305E007237E4 /* PreviewData.swift in Sources */ = {isa = PBXBuildFile; fileRef = C0B56495269D305E007237E4 /* PreviewData.swift */; };
		C0B56499269D3073007237E4 /* TextExtensions.swift in Sources */ = {isa = PBXBuildFile; fileRef = C0B56498269D3073007237E4 /* TextExtensions.swift */; };
		C0B5649A269D3073007237E4 /* TextExtensions.swift in Sources */ = {isa = PBXBuildFile; fileRef = C0B56498269D3073007237E4 /* TextExtensions.swift */; };
		C0B564D2269D35FE007237E4 /* CardElement.swift in Sources */ = {isa = PBXBuildFile; fileRef = C0B564D1269D35FE007237E4 /* CardElement.swift */; };
		C0B564D3269D35FE007237E4 /* CardElement.swift in Sources */ = {isa = PBXBuildFile; fileRef = C0B564D1269D35FE007237E4 /* CardElement.swift */; };
		C0B564D6269D3642007237E4 /* Card.swift in Sources */ = {isa = PBXBuildFile; fileRef = C0B564D5269D3642007237E4 /* Card.swift */; };
		C0B564D7269D3642007237E4 /* Card.swift in Sources */ = {isa = PBXBuildFile; fileRef = C0B564D5269D3642007237E4 /* Card.swift */; };
		C0B564D9269D3737007237E4 /* CardStore.swift in Sources */ = {isa = PBXBuildFile; fileRef = C0B564D8269D3737007237E4 /* CardStore.swift */; };
		C0B564DA269D3737007237E4 /* CardStore.swift in Sources */ = {isa = PBXBuildFile; fileRef = C0B564D8269D3737007237E4 /* CardStore.swift */; };
		C0B56515269D59C5007237E4 /* CardElementView.swift in Sources */ = {isa = PBXBuildFile; fileRef = C0B56514269D59C5007237E4 /* CardElementView.swift */; };
		C0B56516269D59C5007237E4 /* CardElementView.swift in Sources */ = {isa = PBXBuildFile; fileRef = C0B56514269D59C5007237E4 /* CardElementView.swift */; };
/* End PBXBuildFile section */

/* Begin PBXFileReference section */
		C00D82BA269C1BE800455483 /* CardBottomToolbar.swift */ = {isa = PBXFileReference; lastKnownFileType = sourcecode.swift; path = CardBottomToolbar.swift; sourceTree = "<group>"; };
		C00D82BF269C264D00455483 /* CirclAnimView.swift */ = {isa = PBXFileReference; lastKnownFileType = sourcecode.swift; path = CirclAnimView.swift; sourceTree = "<group>"; };
		C00D82C4269C30B000455483 /* ResizableView.swift */ = {isa = PBXFileReference; lastKnownFileType = sourcecode.swift; path = ResizableView.swift; sourceTree = "<group>"; };
		C00D82C7269C31E900455483 /* Transform.swift */ = {isa = PBXFileReference; lastKnownFileType = sourcecode.swift; path = Transform.swift; sourceTree = "<group>"; };
		C00D82CB269C3D8F00455483 /* Operators.swift */ = {isa = PBXFileReference; lastKnownFileType = sourcecode.swift; path = Operators.swift; sourceTree = "<group>"; };
		C049956D269C14D0001CD798 /* CardDetailView.swift */ = {isa = PBXFileReference; lastKnownFileType = sourcecode.swift; path = CardDetailView.swift; sourceTree = "<group>"; };
		C090CD04269E6C3300EA9577 /* CardModal.swift */ = {isa = PBXFileReference; fileEncoding = 4; lastKnownFileType = sourcecode.swift; path = CardModal.swift; sourceTree = "<group>"; };
		C09325D1269BE47400D689CC /* MyCardsApp.swift */ = {isa = PBXFileReference; lastKnownFileType = sourcecode.swift; path = MyCardsApp.swift; sourceTree = "<group>"; };
		C09325D2269BE47400D689CC /* ContentView.swift */ = {isa = PBXFileReference; lastKnownFileType = sourcecode.swift; path = ContentView.swift; sourceTree = "<group>"; };
		C09325D3269BE47600D689CC /* Assets.xcassets */ = {isa = PBXFileReference; lastKnownFileType = folder.assetcatalog; path = Assets.xcassets; sourceTree = "<group>"; };
		C09325D8269BE47600D689CC /* MyCards.app */ = {isa = PBXFileReference; explicitFileType = wrapper.application; includeInIndex = 0; path = MyCards.app; sourceTree = BUILT_PRODUCTS_DIR; };
		C09325DB269BE47600D689CC /* Info.plist */ = {isa = PBXFileReference; lastKnownFileType = text.plist.xml; path = Info.plist; sourceTree = "<group>"; };
		C09325E0269BE47600D689CC /* MyCards.app */ = {isa = PBXFileReference; explicitFileType = wrapper.application; includeInIndex = 0; path = MyCards.app; sourceTree = BUILT_PRODUCTS_DIR; };
		C09325E2269BE47600D689CC /* Info.plist */ = {isa = PBXFileReference; lastKnownFileType = text.plist.xml; path = Info.plist; sourceTree = "<group>"; };
		C09325E3269BE47600D689CC /* macOS.entitlements */ = {isa = PBXFileReference; lastKnownFileType = text.plist.entitlements; path = macOS.entitlements; sourceTree = "<group>"; };
		C09325F2269BE55300D689CC /* CardsListView.swift */ = {isa = PBXFileReference; lastKnownFileType = sourcecode.swift; path = CardsListView.swift; sourceTree = "<group>"; };
		C09325F5269BE96A00D689CC /* CardThumbnailView.swift */ = {isa = PBXFileReference; lastKnownFileType = sourcecode.swift; path = CardThumbnailView.swift; sourceTree = "<group>"; };
		C09325F8269BEC6400D689CC /* SingleCardView.swift */ = {isa = PBXFileReference; lastKnownFileType = sourcecode.swift; path = SingleCardView.swift; sourceTree = "<group>"; };
		C093268E269C032E00D689CC /* ViewState.swift */ = {isa = PBXFileReference; lastKnownFileType = sourcecode.swift; path = ViewState.swift; sourceTree = "<group>"; };
		C0932691269C045200D689CC /* CardsView.swift */ = {isa = PBXFileReference; lastKnownFileType = sourcecode.swift; path = CardsView.swift; sourceTree = "<group>"; };
		C0B56487269D257A007237E4 /* ViewExtensions.swift */ = {isa = PBXFileReference; lastKnownFileType = sourcecode.swift; path = ViewExtensions.swift; sourceTree = "<group>"; };
		C0B5648A269D2B6D007237E4 /* Settings.swift */ = {isa = PBXFileReference; lastKnownFileType = sourcecode.swift; path = Settings.swift; sourceTree = "<group>"; };
		C0B5648C269D2BE6007237E4 /* ColorExtensions.swift */ = {isa = PBXFileReference; lastKnownFileType = sourcecode.swift; path = ColorExtensions.swift; sourceTree = "<group>"; };
		C0B5648E269D2D30007237E4 /* CardToolbar.swift */ = {isa = PBXFileReference; fileEncoding = 4; lastKnownFileType = sourcecode.swift; path = CardToolbar.swift; sourceTree = "<group>"; };
		C0B56492269D3039007237E4 /* Preview Assets.xcassets */ = {isa = PBXFileReference; lastKnownFileType = folder.assetcatalog; path = "Preview Assets.xcassets"; sourceTree = "<group>"; };
		C0B56495269D305E007237E4 /* PreviewData.swift */ = {isa = PBXFileReference; fileEncoding = 4; lastKnownFileType = sourcecode.swift; path = PreviewData.swift; sourceTree = "<group>"; };
		C0B56498269D3073007237E4 /* TextExtensions.swift */ = {isa = PBXFileReference; fileEncoding = 4; lastKnownFileType = sourcecode.swift; path = TextExtensions.swift; sourceTree = "<group>"; };
		C0B564D1269D35FE007237E4 /* CardElement.swift */ = {isa = PBXFileReference; lastKnownFileType = sourcecode.swift; path = CardElement.swift; sourceTree = "<group>"; };
		C0B564D5269D3642007237E4 /* Card.swift */ = {isa = PBXFileReference; lastKnownFileType = sourcecode.swift; path = Card.swift; sourceTree = "<group>"; };
		C0B564D8269D3737007237E4 /* CardStore.swift */ = {isa = PBXFileReference; lastKnownFileType = sourcecode.swift; path = CardStore.swift; sourceTree = "<group>"; };
		C0B56514269D59C5007237E4 /* CardElementView.swift */ = {isa = PBXFileReference; lastKnownFileType = sourcecode.swift; path = CardElementView.swift; sourceTree = "<group>"; };
/* End PBXFileReference section */

/* Begin PBXFrameworksBuildPhase section */
		C09325D5269BE47600D689CC /* Frameworks */ = {
			isa = PBXFrameworksBuildPhase;
			buildActionMask = 2147483647;
			files = (
			);
			runOnlyForDeploymentPostprocessing = 0;
		};
		C09325DD269BE47600D689CC /* Frameworks */ = {
			isa = PBXFrameworksBuildPhase;
			buildActionMask = 2147483647;
			files = (
			);
			runOnlyForDeploymentPostprocessing = 0;
		};
/* End PBXFrameworksBuildPhase section */

/* Begin PBXGroup section */
		C00D82BE269C263300455483 /* Support */ = {
			isa = PBXGroup;
			children = (
				C00D82BF269C264D00455483 /* CirclAnimView.swift */,
			);
			path = Support;
			sourceTree = "<group>";
		};
		C00D82C2269C2DBC00455483 /* SIngeCardView */ = {
			isa = PBXGroup;
			children = (
				C09325F8269BEC6400D689CC /* SingleCardView.swift */,
				C049956D269C14D0001CD798 /* CardDetailView.swift */,
				C0B56514269D59C5007237E4 /* CardElementView.swift */,
				C00D82BA269C1BE800455483 /* CardBottomToolbar.swift */,
				C0B5648E269D2D30007237E4 /* CardToolbar.swift */,
			);
			path = SIngeCardView;
			sourceTree = "<group>";
		};
		C00D82C3269C309F00455483 /* ResizableView */ = {
			isa = PBXGroup;
			children = (
				C00D82C4269C30B000455483 /* ResizableView.swift */,
			);
			path = ResizableView;
			sourceTree = "<group>";
		};
		C00D82CA269C3D7800455483 /* Utils */ = {
			isa = PBXGroup;
			children = (
				C00D82CB269C3D8F00455483 /* Operators.swift */,
			);
			path = Utils;
			sourceTree = "<group>";
		};
		C09325CB269BE47400D689CC = {
			isa = PBXGroup;
			children = (
				C09325D0269BE47400D689CC /* Shared */,
				C09325DA269BE47600D689CC /* iOS */,
				C09325E1269BE47600D689CC /* macOS */,
				C09325D9269BE47600D689CC /* Products */,
			);
			sourceTree = "<group>";
		};
		C09325D0269BE47400D689CC /* Shared */ = {
			isa = PBXGroup;
			children = (
				C09325D1269BE47400D689CC /* MyCardsApp.swift */,
				C0932694269C04AB00D689CC /* Views */,
				C0932695269C04B500D689CC /* Models */,
				C0B56486269D2557007237E4 /* Extensions */,
				C0B56489269D2B57007237E4 /* Configs */,
				C00D82CA269C3D7800455483 /* Utils */,
				C00D82BE269C263300455483 /* Support */,
				C0B56491269D3021007237E4 /* Preview Content */,
				C09325D3269BE47600D689CC /* Assets.xcassets */,
			);
			path = Shared;
			sourceTree = "<group>";
		};
		C09325D9269BE47600D689CC /* Products */ = {
			isa = PBXGroup;
			children = (
				C09325D8269BE47600D689CC /* MyCards.app */,
				C09325E0269BE47600D689CC /* MyCards.app */,
			);
			name = Products;
			sourceTree = "<group>";
		};
		C09325DA269BE47600D689CC /* iOS */ = {
			isa = PBXGroup;
			children = (
				C09325DB269BE47600D689CC /* Info.plist */,
			);
			path = iOS;
			sourceTree = "<group>";
		};
		C09325E1269BE47600D689CC /* macOS */ = {
			isa = PBXGroup;
			children = (
				C09325E2269BE47600D689CC /* Info.plist */,
				C09325E3269BE47600D689CC /* macOS.entitlements */,
			);
			path = macOS;
			sourceTree = "<group>";
		};
		C0932694269C04AB00D689CC /* Views */ = {
			isa = PBXGroup;
			children = (
				C0932696269C07A300D689CC /* NotUse */,
				C0932691269C045200D689CC /* CardsView.swift */,
				C09325F2269BE55300D689CC /* CardsListView.swift */,
				C09325F5269BE96A00D689CC /* CardThumbnailView.swift */,
				C00D82C2269C2DBC00455483 /* SIngeCardView */,
				C00D82C3269C309F00455483 /* ResizableView */,
			);
			path = Views;
			sourceTree = "<group>";
		};
		C0932695269C04B500D689CC /* Models */ = {
			isa = PBXGroup;
			children = (
				C093268E269C032E00D689CC /* ViewState.swift */,
				C090CD04269E6C3300EA9577 /* CardModal.swift */,
				C00D82C7269C31E900455483 /* Transform.swift */,
				C0B564D4269D3602007237E4 /* Card */,
			);
			path = Models;
			sourceTree = "<group>";
		};
		C0932696269C07A300D689CC /* NotUse */ = {
			isa = PBXGroup;
			children = (
				C09325D2269BE47400D689CC /* ContentView.swift */,
			);
			path = NotUse;
			sourceTree = "<group>";
		};
		C0B56486269D2557007237E4 /* Extensions */ = {
			isa = PBXGroup;
			children = (
				C0B56498269D3073007237E4 /* TextExtensions.swift */,
				C0B56487269D257A007237E4 /* ViewExtensions.swift */,
				C0B5648C269D2BE6007237E4 /* ColorExtensions.swift */,
			);
			path = Extensions;
			sourceTree = "<group>";
		};
		C0B56489269D2B57007237E4 /* Configs */ = {
			isa = PBXGroup;
			children = (
				C0B5648A269D2B6D007237E4 /* Settings.swift */,
			);
			path = Configs;
			sourceTree = "<group>";
		};
		C0B56491269D3021007237E4 /* Preview Content */ = {
			isa = PBXGroup;
			children = (
				C0B56492269D3039007237E4 /* Preview Assets.xcassets */,
				C0B56495269D305E007237E4 /* PreviewData.swift */,
			);
			path = "Preview Content";
			sourceTree = "<group>";
		};
		C0B564D4269D3602007237E4 /* Card */ = {
			isa = PBXGroup;
			children = (
				C0B564D5269D3642007237E4 /* Card.swift */,
				C0B564D1269D35FE007237E4 /* CardElement.swift */,
				C0B564D8269D3737007237E4 /* CardStore.swift */,
			);
			path = Card;
			sourceTree = "<group>";
		};
/* End PBXGroup section */

/* Begin PBXNativeTarget section */
		C09325D7269BE47600D689CC /* MyCards (iOS) */ = {
			isa = PBXNativeTarget;
			buildConfigurationList = C09325EC269BE47600D689CC /* Build configuration list for PBXNativeTarget "MyCards (iOS)" */;
			buildPhases = (
				C09325D4269BE47600D689CC /* Sources */,
				C09325D5269BE47600D689CC /* Frameworks */,
				C09325D6269BE47600D689CC /* Resources */,
			);
			buildRules = (
			);
			dependencies = (
			);
			name = "MyCards (iOS)";
			productName = "MyCards (iOS)";
			productReference = C09325D8269BE47600D689CC /* MyCards.app */;
			productType = "com.apple.product-type.application";
		};
		C09325DF269BE47600D689CC /* MyCards (macOS) */ = {
			isa = PBXNativeTarget;
			buildConfigurationList = C09325EF269BE47600D689CC /* Build configuration list for PBXNativeTarget "MyCards (macOS)" */;
			buildPhases = (
				C09325DC269BE47600D689CC /* Sources */,
				C09325DD269BE47600D689CC /* Frameworks */,
				C09325DE269BE47600D689CC /* Resources */,
			);
			buildRules = (
			);
			dependencies = (
			);
			name = "MyCards (macOS)";
			productName = "MyCards (macOS)";
			productReference = C09325E0269BE47600D689CC /* MyCards.app */;
			productType = "com.apple.product-type.application";
		};
/* End PBXNativeTarget section */

/* Begin PBXProject section */
		C09325CC269BE47400D689CC /* Project object */ = {
			isa = PBXProject;
			attributes = {
				LastSwiftUpdateCheck = 1250;
				LastUpgradeCheck = 1250;
				TargetAttributes = {
					C09325D7269BE47600D689CC = {
						CreatedOnToolsVersion = 12.5.1;
					};
					C09325DF269BE47600D689CC = {
						CreatedOnToolsVersion = 12.5.1;
					};
				};
			};
			buildConfigurationList = C09325CF269BE47400D689CC /* Build configuration list for PBXProject "MyCards" */;
			compatibilityVersion = "Xcode 9.3";
			developmentRegion = en;
			hasScannedForEncodings = 0;
			knownRegions = (
				en,
				Base,
			);
			mainGroup = C09325CB269BE47400D689CC;
			productRefGroup = C09325D9269BE47600D689CC /* Products */;
			projectDirPath = "";
			projectRoot = "";
			targets = (
				C09325D7269BE47600D689CC /* MyCards (iOS) */,
				C09325DF269BE47600D689CC /* MyCards (macOS) */,
			);
		};
/* End PBXProject section */

/* Begin PBXResourcesBuildPhase section */
		C09325D6269BE47600D689CC /* Resources */ = {
			isa = PBXResourcesBuildPhase;
			buildActionMask = 2147483647;
			files = (
				C0B56493269D3039007237E4 /* Preview Assets.xcassets in Resources */,
				C09325E8269BE47600D689CC /* Assets.xcassets in Resources */,
			);
			runOnlyForDeploymentPostprocessing = 0;
		};
		C09325DE269BE47600D689CC /* Resources */ = {
			isa = PBXResourcesBuildPhase;
			buildActionMask = 2147483647;
			files = (
				C0B56494269D3039007237E4 /* Preview Assets.xcassets in Resources */,
				C09325E9269BE47600D689CC /* Assets.xcassets in Resources */,
			);
			runOnlyForDeploymentPostprocessing = 0;
		};
/* End PBXResourcesBuildPhase section */

/* Begin PBXSourcesBuildPhase section */
		C09325D4269BE47600D689CC /* Sources */ = {
			isa = PBXSourcesBuildPhase;
			buildActionMask = 2147483647;
			files = (
				C00D82C0269C264D00455483 /* CirclAnimView.swift in Sources */,
				C090CD05269E6C3300EA9577 /* CardModal.swift in Sources */,
				C0932692269C045200D689CC /* CardsView.swift in Sources */,
				C0B56496269D305E007237E4 /* PreviewData.swift in Sources */,
				C0B564D2269D35FE007237E4 /* CardElement.swift in Sources */,
				C0B564D9269D3737007237E4 /* CardStore.swift in Sources */,
				C00D82C5269C30B000455483 /* ResizableView.swift in Sources */,
				C0B56499269D3073007237E4 /* TextExtensions.swift in Sources */,
				C09325E6269BE47600D689CC /* ContentView.swift in Sources */,
				C00D82C8269C31E900455483 /* Transform.swift in Sources */,
				C09325F3269BE55300D689CC /* CardsListView.swift in Sources */,
				C093268F269C032E00D689CC /* ViewState.swift in Sources */,
				C09325E4269BE47600D689CC /* MyCardsApp.swift in Sources */,
				C09325F9269BEC6400D689CC /* SingleCardView.swift in Sources */,
				C00D82CC269C3D8F00455483 /* Operators.swift in Sources */,
				C0B5648B269D2B6D007237E4 /* Settings.swift in Sources */,
				C0B56515269D59C5007237E4 /* CardElementView.swift in Sources */,
				C00D82BB269C1BE800455483 /* CardBottomToolbar.swift in Sources */,
				C09325F6269BE96A00D689CC /* CardThumbnailView.swift in Sources */,
				C0B5648F269D2D30007237E4 /* CardToolbar.swift in Sources */,
				C0B56488269D257A007237E4 /* ViewExtensions.swift in Sources */,
				C049956E269C14D0001CD798 /* CardDetailView.swift in Sources */,
				C0B5648D269D2BE6007237E4 /* ColorExtensions.swift in Sources */,
				C0B564D6269D3642007237E4 /* Card.swift in Sources */,
			);
			runOnlyForDeploymentPostprocessing = 0;
		};
		C09325DC269BE47600D689CC /* Sources */ = {
			isa = PBXSourcesBuildPhase;
			buildActionMask = 2147483647;
			files = (
				C00D82C1269C264D00455483 /* CirclAnimView.swift in Sources */,
				C0B564DA269D3737007237E4 /* CardStore.swift in Sources */,
				C0932693269C045200D689CC /* CardsView.swift in Sources */,
				C0B564D7269D3642007237E4 /* Card.swift in Sources */,
				C00D82C6269C30B000455483 /* ResizableView.swift in Sources */,
				C09325E7269BE47600D689CC /* ContentView.swift in Sources */,
				C0B56516269D59C5007237E4 /* CardElementView.swift in Sources */,
				C00D82C9269C31E900455483 /* Transform.swift in Sources */,
				C09325F4269BE55300D689CC /* CardsListView.swift in Sources */,
				C0B564D3269D35FE007237E4 /* CardElement.swift in Sources */,
				C090CD06269E6C3300EA9577 /* CardModal.swift in Sources */,
				C0932690269C032E00D689CC /* ViewState.swift in Sources */,
				C0B56490269D2D30007237E4 /* CardToolbar.swift in Sources */,
				C0B56497269D305E007237E4 /* PreviewData.swift in Sources */,
				C09325E5269BE47600D689CC /* MyCardsApp.swift in Sources */,
				C0B5649A269D3073007237E4 /* TextExtensions.swift in Sources */,
				C09325FA269BEC6400D689CC /* SingleCardView.swift in Sources */,
				C00D82CD269C3D8F00455483 /* Operators.swift in Sources */,
				C00D82BC269C1BE800455483 /* CardBottomToolbar.swift in Sources */,
				C09325F7269BE96A00D689CC /* CardThumbnailView.swift in Sources */,
				C049956F269C14D0001CD798 /* CardDetailView.swift in Sources */,
			);
			runOnlyForDeploymentPostprocessing = 0;
		};
/* End PBXSourcesBuildPhase section */

/* Begin XCBuildConfiguration section */
		C09325EA269BE47600D689CC /* Debug */ = {
			isa = XCBuildConfiguration;
			buildSettings = {
				ALWAYS_SEARCH_USER_PATHS = NO;
				CLANG_ANALYZER_NONNULL = YES;
				CLANG_ANALYZER_NUMBER_OBJECT_CONVERSION = YES_AGGRESSIVE;
				CLANG_CXX_LANGUAGE_STANDARD = "gnu++14";
				CLANG_CXX_LIBRARY = "libc++";
				CLANG_ENABLE_MODULES = YES;
				CLANG_ENABLE_OBJC_ARC = YES;
				CLANG_ENABLE_OBJC_WEAK = YES;
				CLANG_WARN_BLOCK_CAPTURE_AUTORELEASING = YES;
				CLANG_WARN_BOOL_CONVERSION = YES;
				CLANG_WARN_COMMA = YES;
				CLANG_WARN_CONSTANT_CONVERSION = YES;
				CLANG_WARN_DEPRECATED_OBJC_IMPLEMENTATIONS = YES;
				CLANG_WARN_DIRECT_OBJC_ISA_USAGE = YES_ERROR;
				CLANG_WARN_DOCUMENTATION_COMMENTS = YES;
				CLANG_WARN_EMPTY_BODY = YES;
				CLANG_WARN_ENUM_CONVERSION = YES;
				CLANG_WARN_INFINITE_RECURSION = YES;
				CLANG_WARN_INT_CONVERSION = YES;
				CLANG_WARN_NON_LITERAL_NULL_CONVERSION = YES;
				CLANG_WARN_OBJC_IMPLICIT_RETAIN_SELF = YES;
				CLANG_WARN_OBJC_LITERAL_CONVERSION = YES;
				CLANG_WARN_OBJC_ROOT_CLASS = YES_ERROR;
				CLANG_WARN_QUOTED_INCLUDE_IN_FRAMEWORK_HEADER = YES;
				CLANG_WARN_RANGE_LOOP_ANALYSIS = YES;
				CLANG_WARN_STRICT_PROTOTYPES = YES;
				CLANG_WARN_SUSPICIOUS_MOVE = YES;
				CLANG_WARN_UNGUARDED_AVAILABILITY = YES_AGGRESSIVE;
				CLANG_WARN_UNREACHABLE_CODE = YES;
				CLANG_WARN__DUPLICATE_METHOD_MATCH = YES;
				COPY_PHASE_STRIP = NO;
				DEBUG_INFORMATION_FORMAT = dwarf;
				ENABLE_STRICT_OBJC_MSGSEND = YES;
				ENABLE_TESTABILITY = YES;
				GCC_C_LANGUAGE_STANDARD = gnu11;
				GCC_DYNAMIC_NO_PIC = NO;
				GCC_NO_COMMON_BLOCKS = YES;
				GCC_OPTIMIZATION_LEVEL = 0;
				GCC_PREPROCESSOR_DEFINITIONS = (
					"DEBUG=1",
					"$(inherited)",
				);
				GCC_WARN_64_TO_32_BIT_CONVERSION = YES;
				GCC_WARN_ABOUT_RETURN_TYPE = YES_ERROR;
				GCC_WARN_UNDECLARED_SELECTOR = YES;
				GCC_WARN_UNINITIALIZED_AUTOS = YES_AGGRESSIVE;
				GCC_WARN_UNUSED_FUNCTION = YES;
				GCC_WARN_UNUSED_VARIABLE = YES;
				MTL_ENABLE_DEBUG_INFO = INCLUDE_SOURCE;
				MTL_FAST_MATH = YES;
				ONLY_ACTIVE_ARCH = YES;
				SWIFT_ACTIVE_COMPILATION_CONDITIONS = DEBUG;
				SWIFT_OPTIMIZATION_LEVEL = "-Onone";
			};
			name = Debug;
		};
		C09325EB269BE47600D689CC /* Release */ = {
			isa = XCBuildConfiguration;
			buildSettings = {
				ALWAYS_SEARCH_USER_PATHS = NO;
				CLANG_ANALYZER_NONNULL = YES;
				CLANG_ANALYZER_NUMBER_OBJECT_CONVERSION = YES_AGGRESSIVE;
				CLANG_CXX_LANGUAGE_STANDARD = "gnu++14";
				CLANG_CXX_LIBRARY = "libc++";
				CLANG_ENABLE_MODULES = YES;
				CLANG_ENABLE_OBJC_ARC = YES;
				CLANG_ENABLE_OBJC_WEAK = YES;
				CLANG_WARN_BLOCK_CAPTURE_AUTORELEASING = YES;
				CLANG_WARN_BOOL_CONVERSION = YES;
				CLANG_WARN_COMMA = YES;
				CLANG_WARN_CONSTANT_CONVERSION = YES;
				CLANG_WARN_DEPRECATED_OBJC_IMPLEMENTATIONS = YES;
				CLANG_WARN_DIRECT_OBJC_ISA_USAGE = YES_ERROR;
				CLANG_WARN_DOCUMENTATION_COMMENTS = YES;
				CLANG_WARN_EMPTY_BODY = YES;
				CLANG_WARN_ENUM_CONVERSION = YES;
				CLANG_WARN_INFINITE_RECURSION = YES;
				CLANG_WARN_INT_CONVERSION = YES;
				CLANG_WARN_NON_LITERAL_NULL_CONVERSION = YES;
				CLANG_WARN_OBJC_IMPLICIT_RETAIN_SELF = YES;
				CLANG_WARN_OBJC_LITERAL_CONVERSION = YES;
				CLANG_WARN_OBJC_ROOT_CLASS = YES_ERROR;
				CLANG_WARN_QUOTED_INCLUDE_IN_FRAMEWORK_HEADER = YES;
				CLANG_WARN_RANGE_LOOP_ANALYSIS = YES;
				CLANG_WARN_STRICT_PROTOTYPES = YES;
				CLANG_WARN_SUSPICIOUS_MOVE = YES;
				CLANG_WARN_UNGUARDED_AVAILABILITY = YES_AGGRESSIVE;
				CLANG_WARN_UNREACHABLE_CODE = YES;
				CLANG_WARN__DUPLICATE_METHOD_MATCH = YES;
				COPY_PHASE_STRIP = NO;
				DEBUG_INFORMATION_FORMAT = "dwarf-with-dsym";
				ENABLE_NS_ASSERTIONS = NO;
				ENABLE_STRICT_OBJC_MSGSEND = YES;
				GCC_C_LANGUAGE_STANDARD = gnu11;
				GCC_NO_COMMON_BLOCKS = YES;
				GCC_WARN_64_TO_32_BIT_CONVERSION = YES;
				GCC_WARN_ABOUT_RETURN_TYPE = YES_ERROR;
				GCC_WARN_UNDECLARED_SELECTOR = YES;
				GCC_WARN_UNINITIALIZED_AUTOS = YES_AGGRESSIVE;
				GCC_WARN_UNUSED_FUNCTION = YES;
				GCC_WARN_UNUSED_VARIABLE = YES;
				MTL_ENABLE_DEBUG_INFO = NO;
				MTL_FAST_MATH = YES;
				SWIFT_COMPILATION_MODE = wholemodule;
				SWIFT_OPTIMIZATION_LEVEL = "-O";
			};
			name = Release;
		};
		C09325ED269BE47600D689CC /* Debug */ = {
			isa = XCBuildConfiguration;
			buildSettings = {
				ASSETCATALOG_COMPILER_APPICON_NAME = AppIcon;
				ASSETCATALOG_COMPILER_GLOBAL_ACCENT_COLOR_NAME = AccentColor;
				CODE_SIGN_STYLE = Automatic;
				DEVELOPMENT_TEAM = V52W229XV3;
				ENABLE_PREVIEWS = YES;
				INFOPLIST_FILE = iOS/Info.plist;
				IPHONEOS_DEPLOYMENT_TARGET = 14.0;
				LD_RUNPATH_SEARCH_PATHS = (
					"$(inherited)",
					"@executable_path/Frameworks",
				);
				PRODUCT_BUNDLE_IDENTIFIER = com.nulllun.MyCards;
				PRODUCT_NAME = MyCards;
				SDKROOT = iphoneos;
				SWIFT_VERSION = 5.0;
				TARGETED_DEVICE_FAMILY = "1,2";
			};
			name = Debug;
		};
		C09325EE269BE47600D689CC /* Release */ = {
			isa = XCBuildConfiguration;
			buildSettings = {
				ASSETCATALOG_COMPILER_APPICON_NAME = AppIcon;
				ASSETCATALOG_COMPILER_GLOBAL_ACCENT_COLOR_NAME = AccentColor;
				CODE_SIGN_STYLE = Automatic;
				DEVELOPMENT_TEAM = V52W229XV3;
				ENABLE_PREVIEWS = YES;
				INFOPLIST_FILE = iOS/Info.plist;
				IPHONEOS_DEPLOYMENT_TARGET = 14.0;
				LD_RUNPATH_SEARCH_PATHS = (
					"$(inherited)",
					"@executable_path/Frameworks",
				);
				PRODUCT_BUNDLE_IDENTIFIER = com.nulllun.MyCards;
				PRODUCT_NAME = MyCards;
				SDKROOT = iphoneos;
				SWIFT_VERSION = 5.0;
				TARGETED_DEVICE_FAMILY = "1,2";
				VALIDATE_PRODUCT = YES;
			};
			name = Release;
		};
		C09325F0269BE47600D689CC /* Debug */ = {
			isa = XCBuildConfiguration;
			buildSettings = {
				ASSETCATALOG_COMPILER_APPICON_NAME = AppIcon;
				ASSETCATALOG_COMPILER_GLOBAL_ACCENT_COLOR_NAME = AccentColor;
				CODE_SIGN_ENTITLEMENTS = macOS/macOS.entitlements;
				CODE_SIGN_STYLE = Automatic;
				COMBINE_HIDPI_IMAGES = YES;
				DEVELOPMENT_TEAM = V52W229XV3;
				ENABLE_HARDENED_RUNTIME = YES;
				ENABLE_PREVIEWS = YES;
				INFOPLIST_FILE = macOS/Info.plist;
				LD_RUNPATH_SEARCH_PATHS = (
					"$(inherited)",
					"@executable_path/../Frameworks",
				);
				MACOSX_DEPLOYMENT_TARGET = 11.0;
				PRODUCT_BUNDLE_IDENTIFIER = com.nulllun.MyCards;
				PRODUCT_NAME = MyCards;
				SDKROOT = macosx;
				SWIFT_VERSION = 5.0;
			};
			name = Debug;
		};
		C09325F1269BE47600D689CC /* Release */ = {
			isa = XCBuildConfiguration;
			buildSettings = {
				ASSETCATALOG_COMPILER_APPICON_NAME = AppIcon;
				ASSETCATALOG_COMPILER_GLOBAL_ACCENT_COLOR_NAME = AccentColor;
				CODE_SIGN_ENTITLEMENTS = macOS/macOS.entitlements;
				CODE_SIGN_STYLE = Automatic;
				COMBINE_HIDPI_IMAGES = YES;
				DEVELOPMENT_TEAM = V52W229XV3;
				ENABLE_HARDENED_RUNTIME = YES;
				ENABLE_PREVIEWS = YES;
				INFOPLIST_FILE = macOS/Info.plist;
				LD_RUNPATH_SEARCH_PATHS = (
					"$(inherited)",
					"@executable_path/../Frameworks",
				);
				MACOSX_DEPLOYMENT_TARGET = 11.0;
				PRODUCT_BUNDLE_IDENTIFIER = com.nulllun.MyCards;
				PRODUCT_NAME = MyCards;
				SDKROOT = macosx;
				SWIFT_VERSION = 5.0;
			};
			name = Release;
		};
/* End XCBuildConfiguration section */

/* Begin XCConfigurationList section */
		C09325CF269BE47400D689CC /* Build configuration list for PBXProject "MyCards" */ = {
			isa = XCConfigurationList;
			buildConfigurations = (
				C09325EA269BE47600D689CC /* Debug */,
				C09325EB269BE47600D689CC /* Release */,
			);
			defaultConfigurationIsVisible = 0;
			defaultConfigurationName = Release;
		};
		C09325EC269BE47600D689CC /* Build configuration list for PBXNativeTarget "MyCards (iOS)" */ = {
			isa = XCConfigurationList;
			buildConfigurations = (
				C09325ED269BE47600D689CC /* Debug */,
				C09325EE269BE47600D689CC /* Release */,
			);
			defaultConfigurationIsVisible = 0;
			defaultConfigurationName = Release;
		};
		C09325EF269BE47600D689CC /* Build configuration list for PBXNativeTarget "MyCards (macOS)" */ = {
			isa = XCConfigurationList;
			buildConfigurations = (
				C09325F0269BE47600D689CC /* Debug */,
				C09325F1269BE47600D689CC /* Release */,
			);
			defaultConfigurationIsVisible = 0;
			defaultConfigurationName = Release;
		};
/* End XCConfigurationList section */
	};
	rootObject = C09325CC269BE47400D689CC /* Project object */;
}
